{
    "_meta": {
        "hash": {
            "sha256": "9eba32dc5e17b7a59bb9e86a433d0ff09d2971d7ef7d9fb2eb037ba260b2d1c9"
        },
        "pipfile-spec": 6,
        "requires": {
            "python_version": "3.8"
        },
        "sources": [
            {
                "name": "pypi",
                "url": "https://pypi.org/simple",
                "verify_ssl": true
            }
        ]
    },
    "default": {
        "absl-py": {
            "hashes": [
                "sha256:5d15f85b8cc859c6245bc9886ba664460ed96a6fee895416caa37d669ee74a9a",
                "sha256:f568809938c49abbda89826223c992b630afd23c638160ad7840cfe347710d97"
            ],
            "markers": "python_version >= '3.6'",
            "version": "==1.2.0"
        },
        "etils": {
            "extras": [
                "epath"
            ],
            "hashes": [
                "sha256:b6299d2a835206b063498e443bd8036edb974058899169677dd6ddb92430bb84",
                "sha256:d1d5af7bd9c784a273c4e1eccfaa8feaca5e0481a08717b5313fa231da22a903"
            ],
            "markers": "python_version >= '3.7'",
            "version": "==0.8.0"
        },
        "importlib-resources": {
            "hashes": [
                "sha256:5481e97fb45af8dcf2f798952625591c58fe599d0735d86b10f54de086a61681",
                "sha256:f78a8df21a79bcc30cfd400bdc38f314333de7c0fb619763f6b9dabab8268bb7"
            ],
            "version": "==5.9.0"
        },
        "jax": {
            "extras": [
                "cpu"
            ],
            "hashes": [
                "sha256:2a2794e4e0c93595a1b1d625026580c0686be93bd60d4f6906b090446692cadc"
            ],
            "index": "pypi",
            "version": "==0.3.17"
        },
        "jaxlib": {
            "hashes": [
                "sha256:19038f91f49f44df1a9d2c00e11f7f61e922e4651c10cd928ac3dcb745234dbf",
                "sha256:30385dafe8299c60da1e1f6f3e0d095cfd2aeefc398c67501a772c8238fc57cd",
                "sha256:36570c1699b5bb4038f1f708d976afefff9fb745cc131c0c8c9340a072b38244",
                "sha256:3af8343024ec44488bb542e62c7a61488df558e6da4bf072ebbdac319362a03f",
                "sha256:7555be95d567572579a2010ed03506e31ff87d55c21c1bc80eddcccd87b3f723",
                "sha256:89f5e27c59f8f5c2e5f3ad377ace2bc03e68728ff27aaf9e82e59d2a1a4c3c6d",
                "sha256:8f999a69fda69976bdcfa45abcc99614160035ee878a544e713affd45cd5b4d1",
                "sha256:a97e80d533d1c66fe0c963e6a25cf85e00732710b6e17af568b1f4f026b52919",
                "sha256:c290ca60b1c08d0ac991be922146775a80943e7a970cde3fc42d6667ca0c115d",
                "sha256:e8d63b156cbac46a15c2024f63761b0bc1f73df94d6a97fb641326c74aeab6ef",
                "sha256:ef58c67341c87789417891f7bd832fc84e23044ef6b085fb9c8306c60ec43bda"
            ],
            "version": "==0.3.15"
        },
        "numpy": {
            "hashes": [
                "sha256:004f0efcb2fe1c0bd6ae1fcfc69cc8b6bf2407e0f18be308612007a0762b4089",
                "sha256:09f6b7bdffe57fc61d869a22f506049825d707b288039d30f26a0d0d8ea05164",
                "sha256:0ea3f98a0ffce3f8f57675eb9119f3f4edb81888b6874bc1953f91e0b1d4f440",
                "sha256:17c0e467ade9bda685d5ac7f5fa729d8d3e76b23195471adae2d6a6941bd2c18",
                "sha256:1f27b5322ac4067e67c8f9378b41c746d8feac8bdd0e0ffede5324667b8a075c",
                "sha256:22d43376ee0acd547f3149b9ec12eec2f0ca4a6ab2f61753c5b29bb3e795ac4d",
                "sha256:2ad3ec9a748a8943e6eb4358201f7e1c12ede35f510b1a2221b70af4bb64295c",
                "sha256:301c00cf5e60e08e04d842fc47df641d4a181e651c7135c50dc2762ffe293dbd",
                "sha256:39a664e3d26ea854211867d20ebcc8023257c1800ae89773cbba9f9e97bae036",
                "sha256:51bf49c0cd1d52be0a240aa66f3458afc4b95d8993d2d04f0d91fa60c10af6cd",
                "sha256:78a63d2df1d947bd9d1b11d35564c2f9e4b57898aae4626638056ec1a231c40c",
                "sha256:7cd1328e5bdf0dee621912f5833648e2daca72e3839ec1d6695e91089625f0b4",
                "sha256:8355fc10fd33a5a70981a5b8a0de51d10af3688d7a9e4a34fcc8fa0d7467bb7f",
                "sha256:8c79d7cf86d049d0c5089231a5bcd31edb03555bd93d81a16870aa98c6cfb79d",
                "sha256:91b8d6768a75247026e951dce3b2aac79dc7e78622fc148329135ba189813584",
                "sha256:94c15ca4e52671a59219146ff584488907b1f9b3fc232622b47e2cf832e94fb8",
                "sha256:98dcbc02e39b1658dc4b4508442a560fe3ca5ca0d989f0df062534e5ca3a5c1a",
                "sha256:a64403f634e5ffdcd85e0b12c08f04b3080d3e840aef118721021f9b48fc1460",
                "sha256:bc6e8da415f359b578b00bcfb1d08411c96e9a97f9e6c7adada554a0812a6cc6",
                "sha256:bdc9febce3e68b697d931941b263c59e0c74e8f18861f4064c1f712562903411",
                "sha256:c1ba66c48b19cc9c2975c0d354f24058888cdc674bebadceb3cdc9ec403fb5d1",
                "sha256:c9f707b5bb73bf277d812ded9896f9512a43edff72712f31667d0a8c2f8e71ee",
                "sha256:d5422d6a1ea9b15577a9432e26608c73a78faf0b9039437b075cf322c92e98e7",
                "sha256:e5d5420053bbb3dd64c30e58f9363d7a9c27444c3648e61460c1237f9ec3fa14",
                "sha256:e868b0389c5ccfc092031a861d4e158ea164d8b7fdbb10e3b5689b4fc6498df6",
                "sha256:efd9d3abe5774404becdb0748178b48a218f1d8c44e0375475732211ea47c67e",
                "sha256:f8c02ec3c4c4fcb718fdf89a6c6f709b14949408e8cf2a2be5bfa9c49548fd85",
                "sha256:ffcf105ecdd9396e05a8e58e81faaaf34d3f9875f137c7372450baa5d77c9a54"
            ],
            "index": "pypi",
            "version": "==1.23.3"
        },
        "opt-einsum": {
            "hashes": [
                "sha256:2455e59e3947d3c275477df7f5205b30635e266fe6dc300e3d9f9646bfcea147",
                "sha256:59f6475f77bbc37dcf7cd748519c0ec60722e91e63ca114e68821c0c54a46549"
            ],
            "markers": "python_version >= '3.5'",
            "version": "==3.3.0"
        },
        "scipy": {
            "hashes": [
                "sha256:0419485dbcd0ed78c0d5bf234c5dd63e86065b39b4d669e45810d42199d49521",
                "sha256:09412eb7fb60b8f00b328037fd814d25d261066ebc43a1e339cdce4f7502877e",
                "sha256:26d28c468900e6d5fdb37d2812ab46db0ccd22c63baa095057871faa3a498bc9",
                "sha256:34441dfbee5b002f9e15285014fd56e5e3372493c3e64ae297bae2c4b9659f5a",
                "sha256:39ab9240cd215a9349c85ab908dda6d732f7d3b4b192fa05780812495536acc4",
                "sha256:3bc1ab68b9a096f368ba06c3a5e1d1d50957a86665fc929c4332d21355e7e8f4",
                "sha256:3c6f5d1d4b9a5e4fe5e14f26ffc9444fc59473bbf8d45dc4a9a15283b7063a72",
                "sha256:47d1a95bd9d37302afcfe1b84c8011377c4f81e33649c5a5785db9ab827a6ade",
                "sha256:71487c503e036740635f18324f62a11f283a632ace9d35933b2b0a04fd898c98",
                "sha256:7a412c476a91b080e456229e413792bbb5d6202865dae963d1e6e28c2bb58691",
                "sha256:825951b88f56765aeb6e5e38ac9d7d47407cfaaeb008d40aa1b45a2d7ea2731e",
                "sha256:8cc81ac25659fec73599ccc52c989670e5ccd8974cf34bacd7b54a8d809aff1a",
                "sha256:8d3faa40ac16c6357aaf7ea50394ea6f1e8e99d75e927a51102b1943b311b4d9",
                "sha256:90c805f30c46cf60f1e76e947574f02954d25e3bb1e97aa8a07bc53aa31cf7d1",
                "sha256:96d7cf7b25c9f23c59a766385f6370dab0659741699ecc7a451f9b94604938ce",
                "sha256:b97b479f39c7e4aaf807efd0424dec74bbb379108f7d22cf09323086afcd312c",
                "sha256:bc4e2c77d4cd015d739e75e74ebbafed59ba8497a7ed0fd400231ed7683497c4",
                "sha256:c61b4a91a702e8e04aeb0bfc40460e1f17a640977c04dda8757efb0199c75332",
                "sha256:d79da472015d0120ba9b357b28a99146cd6c17b9609403164b1a8ed149b4dfc8",
                "sha256:e8fe305d9d67a81255e06203454729405706907dccbdfcc330b7b3482a6c371d",
                "sha256:eb954f5aca4d26f468bbebcdc5448348eb287f7bea536c6306f62ea062f63d9a",
                "sha256:f7c39f7dbb57cce00c108d06d731f3b0e2a4d3a95c66d96bce697684876ce4d4",
                "sha256:f950a04b33e17b38ff561d5a0951caf3f5b47caa841edd772ffb7959f20a6af0"
            ],
            "index": "pypi",
            "version": "==1.9.1"
        },
        "typing-extensions": {
            "hashes": [
                "sha256:25642c956049920a5aa49edcdd6ab1e06d7e5d467fc00e0506c44ac86fbfca02",
                "sha256:e6d2677a32f47fc7eb2795db1dd15c1f34eff616bcaf2cfb5e997f854fa1c4a6"
            ],
            "markers": "python_version >= '3.7'",
            "version": "==4.3.0"
        },
        "zipp": {
            "hashes": [
                "sha256:05b45f1ee8f807d0cc928485ca40a07cb491cf092ff587c0df9cb1fd154848d2",
                "sha256:47c40d7fe183a6f21403a199b3e4192cca5774656965b0a4988ad2f8feb5f009"
            ],
            "version": "==3.8.1"
        }
    },
    "develop": {
        "black": {
            "hashes": [
                "sha256:0a12e4e1353819af41df998b02c6742643cfef58282915f781d0e4dd7a200411",
                "sha256:0ad827325a3a634bae88ae7747db1a395d5ee02cf05d9aa7a9bd77dfb10e940c",
                "sha256:32a4b17f644fc288c6ee2bafdf5e3b045f4eff84693ac069d87b1a347d861497",
                "sha256:3b2c25f8dea5e8444bdc6788a2f543e1fb01494e144480bc17f806178378005e",
                "sha256:4a098a69a02596e1f2a58a2a1c8d5a05d5a74461af552b371e82f9fa4ada8342",
                "sha256:5107ea36b2b61917956d018bd25129baf9ad1125e39324a9b18248d362156a27",
                "sha256:53198e28a1fb865e9fe97f88220da2e44df6da82b18833b588b1883b16bb5d41",
                "sha256:5594efbdc35426e35a7defa1ea1a1cb97c7dbd34c0e49af7fb593a36bd45edab",
                "sha256:5b879eb439094751185d1cfdca43023bc6786bd3c60372462b6f051efa6281a5",
                "sha256:78dd85caaab7c3153054756b9fe8c611efa63d9e7aecfa33e533060cb14b6d16",
                "sha256:792f7eb540ba9a17e8656538701d3eb1afcb134e3b45b71f20b25c77a8db7e6e",
                "sha256:8ce13ffed7e66dda0da3e0b2eb1bdfc83f5812f66e09aca2b0978593ed636b6c",
                "sha256:a05da0430bd5ced89176db098567973be52ce175a55677436a271102d7eaa3fe",
                "sha256:a983526af1bea1e4cf6768e649990f28ee4f4137266921c2c3cee8116ae42ec3",
                "sha256:bc4d4123830a2d190e9cc42a2e43570f82ace35c3aeb26a512a2102bce5af7ec",
                "sha256:c3a73f66b6d5ba7288cd5d6dad9b4c9b43f4e8a4b789a94bf5abfb878c663eb3",
                "sha256:ce957f1d6b78a8a231b18e0dd2d94a33d2ba738cd88a7fe64f53f659eea49fdd",
                "sha256:cea1b2542d4e2c02c332e83150e41e3ca80dc0fb8de20df3c5e98e242156222c",
                "sha256:d2c21d439b2baf7aa80d6dd4e3659259be64c6f49dfd0f32091063db0e006db4",
                "sha256:d839150f61d09e7217f52917259831fe2b689f5c8e5e32611736351b89bb2a90",
                "sha256:dd82842bb272297503cbec1a2600b6bfb338dae017186f8f215c8958f8acf869",
                "sha256:e8166b7bfe5dcb56d325385bd1d1e0f635f24aae14b3ae437102dedc0c186747",
                "sha256:e981e20ec152dfb3e77418fb616077937378b322d7b26aa1ff87717fb18b4875"
            ],
            "index": "pypi",
            "version": "==22.8.0"
        },
        "click": {
            "hashes": [
                "sha256:7682dc8afb30297001674575ea00d1814d808d6a36af415a82bd481d37ba7b8e",
                "sha256:bb4d8133cb15a609f44e8213d9b391b0809795062913b383c62be0ee95b1db48"
            ],
            "markers": "python_version >= '3.7'",
            "version": "==8.1.3"
        },
        "mypy-extensions": {
            "hashes": [
                "sha256:090fedd75945a69ae91ce1303b5824f428daf5a028d2f6ab8a299250a846f15d",
                "sha256:2d82818f5bb3e369420cb3c4060a7970edba416647068eb4c5343488a6c604a8"
            ],
            "version": "==0.4.3"
        },
        "pathspec": {
            "hashes": [
                "sha256:46846318467efc4556ccfd27816e004270a9eeeeb4d062ce5e6fc7a87c573f93",
                "sha256:7ace6161b621d31e7902eb6b5ae148d12cfd23f4a249b9ffb6b9fee12084323d"
            ],
            "markers": "python_version >= '3.7'",
            "version": "==0.10.1"
        },
        "platformdirs": {
            "hashes": [
                "sha256:027d8e83a2d7de06bbac4e5ef7e023c02b863d7ea5d079477e722bb41ab25788",
                "sha256:58c8abb07dcb441e6ee4b11d8df0ac856038f944ab98b7be6b27b2a3c7feef19"
            ],
            "markers": "python_version >= '3.7'",
            "version": "==2.5.2"
        },
        "pyinstrument": {
            "hashes": [
                "sha256:0816507fc3284e93b258d8f773e56aea420834d1415f986a3e5482441f78d274",
                "sha256:11450181910c2c7aba2a2cf3f54168a7adc02357e0e75f1d22393294a54b69db",
                "sha256:128d470628bc3aca03aeb9f3baa63f245f5f53a8fb1f43c6b1e004486c5ceeca",
                "sha256:12b553cf578fe1c6805529bf25c5e9c72877cb46de6c773c2d4f38626c956f9d",
                "sha256:12ca63435e71191c1a135ad28b0480ab0060268b3b16a6f20686919b492d83fd",
                "sha256:17ef8c945725c36de6d6c04039ac6d2178985579b1aa1b185d7bda5dc3c36897",
                "sha256:19ec8ffc2f8fe7466e97dc6e8aac6acc19fa51337432f317685a585694525927",
                "sha256:1a7da205c581a195ffb5c9d7fac2342e31fc47ae993eaa6161973ad87090c077",
                "sha256:1e33e506a671561c72074324eba62babca7392ab3ed244cec683687eb6984f41",
                "sha256:251b394c03e9de88707e5deffbb62a5792374396db18608e595b6de85ab2345a",
                "sha256:27a5cbd7dcf0b768f1a8faf82787e9fa358f278f810218633be7e0be1fa4b565",
                "sha256:2ff8c38829e2fe0dba8cc02ec58927d8d2cffffb73ae27ab229bf0b687e59785",
                "sha256:372548770c558cd25b8174a06bbac01963dd9cb2479233ae590be61ab40ce0ad",
                "sha256:378f126edb1c225016cb15eb775d0b9b330c549f62595c30b7298aaa0ee884c4",
                "sha256:37b3661ae8113286d244595e467088b312285f43b035c07d5328767508b168e2",
                "sha256:3a3c3e6161795277544a30b3c298afda2eb58f13be288fcde1f933e6ba603583",
                "sha256:3ebd661641237c2e7861e288bd2a144934bef06b10adfc9851ffd00d2e75af0e",
                "sha256:425bd0a3d5536d080b3f4b6f31707c9402a736209c9cc2decd930583ef858112",
                "sha256:4ce24e16d3c4aae641186bd9c2540526642e6b6f181fb41f0fc6ecbe488cb3fb",
                "sha256:4db0f0c2ce4616e7312c8eaa869ad377e98ab43f997c2e3fdf15d9ace1aba660",
                "sha256:575c5e2581839a21800194842291e1348edecc6f4c67f8efeef8356588ea4c25",
                "sha256:5e5664ad63bae9db89775933d7c4fbfc42c7820506ba86501688a4aade8dda9f",
                "sha256:5e5e7fa5ba84cbef2ae1eed17fa3c242988e09922ba5a28fd3edb0e2c6493b61",
                "sha256:6672bd073ecfd1304b4908742f447fd005acacd29746d7d31c1413bee9ac453d",
                "sha256:6ca5d57298307bc81713161b2603a8805bdea1eda93489698d2179a754476e8f",
                "sha256:7d6a06ab1f66d5e4d69804a8efa37e527648c5af9cdaea6a8eff8d6c8514788f",
                "sha256:829676c816b2fc7475082ab495938ac64ba9e99a311246b5f197528f009657b9",
                "sha256:83cba3ab3da1756820d4fa6ff68b3b0e9728560a6e12b2fc709a9b0b0963648d",
                "sha256:8bb06a4650c7b84c91f227b67f898a5a514eae02df3ce0727e119e87863d9731",
                "sha256:8fea9898d52d16774b36c62ef100fef1c56da25bcf913e156a2d5c7bc1330cd9",
                "sha256:960c80e48137194f8758519bc5a8296a599994cc32303b765474a6015da6982d",
                "sha256:9925dffaeb7cfc44c164169327c81c854f09478852be289d75790b2df35f02e0",
                "sha256:9968ad846a359458ba8c04085180962c871d851c3a05647f152ff1c86029d54c",
                "sha256:997485418224a34af66f27b1bab364b846321632e0dad8e7b6ed434903bb4b0d",
                "sha256:99c8dca1dddad2cebee0e96a7d285cad0f28341084c5616bde3fac87f0f38929",
                "sha256:a0330a6245f997277f93a1d189a16928408794a097d1266bb55128d9964f9071",
                "sha256:a2a3e3e4db917a55b06b520fba940df073ed0b06d1e6ae002a6bf2962d400b1c",
                "sha256:a4d327f47b1a31b306fb4fe6432af1d886c835cdbd980c7c4555beb092685804",
                "sha256:a641c1c37dd9259162b76c28b2a846f66d5b2c91825c8eaf536329c127855e01",
                "sha256:b5d2f0de75234a2dbf46ddad9aa02787f3d0cee24bc62095d113660490c9a0da",
                "sha256:b7ee1f54109a2da76170cedfcae32c2281179108c02d227250f3b00298b90625",
                "sha256:b923df701afd8f42cd8227c654c0c90bd69e5180207c4ea0368930d96e633ed9",
                "sha256:c0b795db84fa066ff3502695cfe9a15dbda62c2e2ad66c27b6e12c7f96a2ca07",
                "sha256:c943f0a5eefeffe19a31c955b01e96d814b423bcdb739717a30c9de0e469793e",
                "sha256:d8e739d8261c478936d39c4f15317ddc10516e03484a5ddd77787486dc4c102e",
                "sha256:e785fe9f35a5e782e692bb1eb9fe2a9a94f06f1b9e090402ebd9028ce2effce6",
                "sha256:eb2aa31a68b695623860379ee6aa3242a803fe4bf81304faa70c238101a2b2ad",
                "sha256:eb4db9e18e2e190e4e8833014e28bfaa847c27758d9a355255c92d481845aaaa",
                "sha256:f5d6967294b91eefdd94035c35981bbffbaa41c96155c3ed3b23788f878f5106",
                "sha256:f900c409f8eb5b4446dd6daecfd4f544a0e1ffcc727515e0085028dea9c64f0c"
            ],
            "index": "pypi",
            "version": "==4.3.0"
        },
        "tomli": {
            "hashes": [
                "sha256:939de3e7a6161af0c887ef91b7d41a53e7c5a1ca976325f429cb46ea9bc30ecc",
                "sha256:de526c12914f0c550d15924c62d72abc48d6fe7364aa87328337a31007fe8a4f"
            ],
            "markers": "python_full_version < '3.11.0a7'",
            "version": "==2.0.1"
        },
        "typing-extensions": {
            "hashes": [
                "sha256:25642c956049920a5aa49edcdd6ab1e06d7e5d467fc00e0506c44ac86fbfca02",
                "sha256:e6d2677a32f47fc7eb2795db1dd15c1f34eff616bcaf2cfb5e997f854fa1c4a6"
            ],
            "markers": "python_version >= '3.7'",
            "version": "==4.3.0"
        }
    }
}
